
Microsoft Visual Studio Solution File, Format Version 12.00
# Visual Studio Version 17
VisualStudioVersion = 17.4.33213.308
MinimumVisualStudioVersion = 10.0.40219.1
Project("{FAE04EC0-301F-11D3-BF4B-00C04F79EFBC}") = "StudentScores", "StudentScores\StudentScores.csproj", "{7015B960-B944-4F9C-8D5B-F3D062714105}"
EndProject
Global
	GlobalSection(SolutionConfigurationPlatforms) = preSolution
		Debug|Any CPU = Debug|Any CPU
		Release|Any CPU = Release|Any CPU
	EndGlobalSection
	GlobalSection(ProjectConfigurationPlatforms) = postSolution
		{7015B960-B944-4F9C-8D5B-F3D062714105}.Debug|Any CPU.ActiveCfg = Debug|Any CPU
		{7015B960-B944-4F9C-8D5B-F3D062714105}.Debug|Any CPU.Build.0 = Debug|Any CPU
		{7015B960-B944-4F9C-8D5B-F3D062714105}.Release|Any CPU.ActiveCfg = Release|Any CPU
		{7015B960-B944-4F9C-8D5B-F3D062714105}.Release|Any CPU.Build.0 = Release|Any CPU
	EndGlobalSection
	GlobalSection(SolutionProperties) = preSolution
		HideSolutionNode = FALSE
	EndGlobalSection
	GlobalSection(ExtensibilityGlobals) = postSolution
		SolutionGuid = {31E80CD7-74A1-4ACE-A30C-0DBA95B2B692}
	EndGlobalSection
EndGlobal
